
Microsoft Visual Studio Solution File, Format Version 12.00
Project("{FAE04EC0-301F-11D3-BF4B-00C04F79EFBC}") = "buildings", "buildings\buildings.csproj", "{AED2658E-DA36-4EB6-9E86-91C46E7FCCAA}"
EndProject
Global
	GlobalSection(SolutionConfigurationPlatforms) = preSolution
		Debug|Any CPU = Debug|Any CPU
		Release|Any CPU = Release|Any CPU
	EndGlobalSection
	GlobalSection(ProjectConfigurationPlatforms) = postSolution
		{AED2658E-DA36-4EB6-9E86-91C46E7FCCAA}.Debug|Any CPU.ActiveCfg = Debug|Any CPU
		{AED2658E-DA36-4EB6-9E86-91C46E7FCCAA}.Debug|Any CPU.Build.0 = Debug|Any CPU
		{AED2658E-DA36-4EB6-9E86-91C46E7FCCAA}.Release|Any CPU.ActiveCfg = Release|Any CPU
		{AED2658E-DA36-4EB6-9E86-91C46E7FCCAA}.Release|Any CPU.Build.0 = Release|Any CPU
	EndGlobalSection
EndGlobal
